
Microsoft Visual Studio Solution File, Format Version 12.00
Project("{FAE04EC0-301F-11D3-BF4B-00C04F79EFBC}") = "S1MCPServer", "S1MCPServer\S1MCPServer.csproj", "{D9A15B20-0984-4EB2-9E62-B91E92094545}"
EndProject
Project("{FAE04EC0-301F-11D3-BF4B-00C04F79EFBC}") = "S1MCPServer.Tests", "S1MCPServer.Tests\S1MCPServer.Tests.csproj", "{35772467-9C60-49B7-A63B-9C1E4DD0DA92}"
EndProject
Global
	GlobalSection(SolutionConfigurationPlatforms) = preSolution
		Debug IL2CPP|Any CPU = Debug IL2CPP|Any CPU
		Debug IL2CPP|x64 = Debug IL2CPP|x64
		Debug IL2CPP|x86 = Debug IL2CPP|x86
		Debug Mono|Any CPU = Debug Mono|Any CPU
		Debug Mono|x64 = Debug Mono|x64
		Debug Mono|x86 = Debug Mono|x86
		Release IL2CPP|Any CPU = Release IL2CPP|Any CPU
		Release IL2CPP|x64 = Release IL2CPP|x64
		Release IL2CPP|x86 = Release IL2CPP|x86
		Release Mono|Any CPU = Release Mono|Any CPU
		Release Mono|x64 = Release Mono|x64
		Release Mono|x86 = Release Mono|x86
		Debug|Any CPU = Debug|Any CPU
		Debug|x64 = Debug|x64
		Debug|x86 = Debug|x86
		Release|Any CPU = Release|Any CPU
		Release|x64 = Release|x64
		Release|x86 = Release|x86
	EndGlobalSection
	GlobalSection(ProjectConfigurationPlatforms) = postSolution
		{D9A15B20-0984-4EB2-9E62-B91E92094545}.Debug IL2CPP|Any CPU.ActiveCfg = Debug IL2CPP|Any CPU
		{D9A15B20-0984-4EB2-9E62-B91E92094545}.Debug IL2CPP|Any CPU.Build.0 = Debug IL2CPP|Any CPU
		{D9A15B20-0984-4EB2-9E62-B91E92094545}.Debug IL2CPP|x64.ActiveCfg = Debug IL2CPP|Any CPU
		{D9A15B20-0984-4EB2-9E62-B91E92094545}.Debug IL2CPP|x64.Build.0 = Debug IL2CPP|Any CPU
		{D9A15B20-0984-4EB2-9E62-B91E92094545}.Debug IL2CPP|x86.ActiveCfg = Debug IL2CPP|Any CPU
		{D9A15B20-0984-4EB2-9E62-B91E92094545}.Debug IL2CPP|x86.Build.0 = Debug IL2CPP|Any CPU
		{D9A15B20-0984-4EB2-9E62-B91E92094545}.Debug Mono|Any CPU.ActiveCfg = Debug Mono|Any CPU
		{D9A15B20-0984-4EB2-9E62-B91E92094545}.Debug Mono|Any CPU.Build.0 = Debug Mono|Any CPU
		{D9A15B20-0984-4EB2-9E62-B91E92094545}.Debug Mono|x64.ActiveCfg = Debug Mono|Any CPU
		{D9A15B20-0984-4EB2-9E62-B91E92094545}.Debug Mono|x64.Build.0 = Debug Mono|Any CPU
		{D9A15B20-0984-4EB2-9E62-B91E92094545}.Debug Mono|x86.ActiveCfg = Debug Mono|Any CPU
		{D9A15B20-0984-4EB2-9E62-B91E92094545}.Debug Mono|x86.Build.0 = Debug Mono|Any CPU
		{D9A15B20-0984-4EB2-9E62-B91E92094545}.Release IL2CPP|Any CPU.ActiveCfg = Release IL2CPP|Any CPU
		{D9A15B20-0984-4EB2-9E62-B91E92094545}.Release IL2CPP|Any CPU.Build.0 = Release IL2CPP|Any CPU
		{D9A15B20-0984-4EB2-9E62-B91E92094545}.Release IL2CPP|x64.ActiveCfg = Release IL2CPP|Any CPU
		{D9A15B20-0984-4EB2-9E62-B91E92094545}.Release IL2CPP|x64.Build.0 = Release IL2CPP|Any CPU
		{D9A15B20-0984-4EB2-9E62-B91E92094545}.Release IL2CPP|x86.ActiveCfg = Release IL2CPP|Any CPU
		{D9A15B20-0984-4EB2-9E62-B91E92094545}.Release IL2CPP|x86.Build.0 = Release IL2CPP|Any CPU
		{D9A15B20-0984-4EB2-9E62-B91E92094545}.Release Mono|Any CPU.ActiveCfg = Release Mono|Any CPU
		{D9A15B20-0984-4EB2-9E62-B91E92094545}.Release Mono|Any CPU.Build.0 = Release Mono|Any CPU
		{D9A15B20-0984-4EB2-9E62-B91E92094545}.Release Mono|x64.ActiveCfg = Release Mono|Any CPU
		{D9A15B20-0984-4EB2-9E62-B91E92094545}.Release Mono|x64.Build.0 = Release Mono|Any CPU
		{D9A15B20-0984-4EB2-9E62-B91E92094545}.Release Mono|x86.ActiveCfg = Release Mono|Any CPU
		{D9A15B20-0984-4EB2-9E62-B91E92094545}.Release Mono|x86.Build.0 = Release Mono|Any CPU
		{D9A15B20-0984-4EB2-9E62-B91E92094545}.Debug|Any CPU.ActiveCfg = Debug|Any CPU
		{D9A15B20-0984-4EB2-9E62-B91E92094545}.Debug|Any CPU.Build.0 = Debug|Any CPU
		{D9A15B20-0984-4EB2-9E62-B91E92094545}.Debug|x64.ActiveCfg = Debug|Any CPU
		{D9A15B20-0984-4EB2-9E62-B91E92094545}.Debug|x64.Build.0 = Debug|Any CPU
		{D9A15B20-0984-4EB2-9E62-B91E92094545}.Debug|x86.ActiveCfg = Debug|Any CPU
		{D9A15B20-0984-4EB2-9E62-B91E92094545}.Debug|x86.Build.0 = Debug|Any CPU
		{D9A15B20-0984-4EB2-9E62-B91E92094545}.Release|Any CPU.ActiveCfg = Release|Any CPU
		{D9A15B20-0984-4EB2-9E62-B91E92094545}.Release|Any CPU.Build.0 = Release|Any CPU
		{D9A15B20-0984-4EB2-9E62-B91E92094545}.Release|x64.ActiveCfg = Release|Any CPU
		{D9A15B20-0984-4EB2-9E62-B91E92094545}.Release|x64.Build.0 = Release|Any CPU
		{D9A15B20-0984-4EB2-9E62-B91E92094545}.Release|x86.ActiveCfg = Release|Any CPU
		{D9A15B20-0984-4EB2-9E62-B91E92094545}.Release|x86.Build.0 = Release|Any CPU
		{35772467-9C60-49B7-A63B-9C1E4DD0DA92}.Debug IL2CPP|Any CPU.ActiveCfg = Debug|Any CPU
		{35772467-9C60-49B7-A63B-9C1E4DD0DA92}.Debug IL2CPP|Any CPU.Build.0 = Debug|Any CPU
		{35772467-9C60-49B7-A63B-9C1E4DD0DA92}.Debug IL2CPP|x64.ActiveCfg = Debug|Any CPU
		{35772467-9C60-49B7-A63B-9C1E4DD0DA92}.Debug IL2CPP|x64.Build.0 = Debug|Any CPU
		{35772467-9C60-49B7-A63B-9C1E4DD0DA92}.Debug IL2CPP|x86.ActiveCfg = Debug|Any CPU
		{35772467-9C60-49B7-A63B-9C1E4DD0DA92}.Debug IL2CPP|x86.Build.0 = Debug|Any CPU
		{35772467-9C60-49B7-A63B-9C1E4DD0DA92}.Debug Mono|Any CPU.ActiveCfg = Debug|Any CPU
		{35772467-9C60-49B7-A63B-9C1E4DD0DA92}.Debug Mono|Any CPU.Build.0 = Debug|Any CPU
		{35772467-9C60-49B7-A63B-9C1E4DD0DA92}.Debug Mono|x64.ActiveCfg = Debug|Any CPU
		{35772467-9C60-49B7-A63B-9C1E4DD0DA92}.Debug Mono|x64.Build.0 = Debug|Any CPU
		{35772467-9C60-49B7-A63B-9C1E4DD0DA92}.Debug Mono|x86.ActiveCfg = Debug|Any CPU
		{35772467-9C60-49B7-A63B-9C1E4DD0DA92}.Debug Mono|x86.Build.0 = Debug|Any CPU
		{35772467-9C60-49B7-A63B-9C1E4DD0DA92}.Release IL2CPP|Any CPU.ActiveCfg = Release|Any CPU
		{35772467-9C60-49B7-A63B-9C1E4DD0DA92}.Release IL2CPP|Any CPU.Build.0 = Release|Any CPU
		{35772467-9C60-49B7-A63B-9C1E4DD0DA92}.Release IL2CPP|x64.ActiveCfg = Release|Any CPU
		{35772467-9C60-49B7-A63B-9C1E4DD0DA92}.Release IL2CPP|x64.Build.0 = Release|Any CPU
		{35772467-9C60-49B7-A63B-9C1E4DD0DA92}.Release IL2CPP|x86.ActiveCfg = Release|Any CPU
		{35772467-9C60-49B7-A63B-9C1E4DD0DA92}.Release IL2CPP|x86.Build.0 = Release|Any CPU
		{35772467-9C60-49B7-A63B-9C1E4DD0DA92}.Release Mono|Any CPU.ActiveCfg = Release|Any CPU
		{35772467-9C60-49B7-A63B-9C1E4DD0DA92}.Release Mono|Any CPU.Build.0 = Release|Any CPU
		{35772467-9C60-49B7-A63B-9C1E4DD0DA92}.Release Mono|x64.ActiveCfg = Release|Any CPU
		{35772467-9C60-49B7-A63B-9C1E4DD0DA92}.Release Mono|x64.Build.0 = Release|Any CPU
		{35772467-9C60-49B7-A63B-9C1E4DD0DA92}.Release Mono|x86.ActiveCfg = Release|Any CPU
		{35772467-9C60-49B7-A63B-9C1E4DD0DA92}.Release Mono|x86.Build.0 = Release|Any CPU
		{35772467-9C60-49B7-A63B-9C1E4DD0DA92}.Debug|Any CPU.ActiveCfg = Debug|Any CPU
		{35772467-9C60-49B7-A63B-9C1E4DD0DA92}.Debug|Any CPU.Build.0 = Debug|Any CPU
		{35772467-9C60-49B7-A63B-9C1E4DD0DA92}.Debug|x64.ActiveCfg = Debug|Any CPU
		{35772467-9C60-49B7-A63B-9C1E4DD0DA92}.Debug|x64.Build.0 = Debug|Any CPU
		{35772467-9C60-49B7-A63B-9C1E4DD0DA92}.Debug|x86.ActiveCfg = Debug|Any CPU
		{35772467-9C60-49B7-A63B-9C1E4DD0DA92}.Debug|x86.Build.0 = Debug|Any CPU
		{35772467-9C60-49B7-A63B-9C1E4DD0DA92}.Release|Any CPU.ActiveCfg = Release|Any CPU
		{35772467-9C60-49B7-A63B-9C1E4DD0DA92}.Release|Any CPU.Build.0 = Release|Any CPU
		{35772467-9C60-49B7-A63B-9C1E4DD0DA92}.Release|x64.ActiveCfg = Release|Any CPU
		{35772467-9C60-49B7-A63B-9C1E4DD0DA92}.Release|x64.Build.0 = Release|Any CPU
		{35772467-9C60-49B7-A63B-9C1E4DD0DA92}.Release|x86.ActiveCfg = Release|Any CPU
		{35772467-9C60-49B7-A63B-9C1E4DD0DA92}.Release|x86.Build.0 = Release|Any CPU
	EndGlobalSection
	GlobalSection(SolutionProperties) = preSolution
		HideSolutionNode = FALSE
	EndGlobalSection
EndGlobal
